
Microsoft Visual Studio Solution File, Format Version 12.00
# Visual Studio Version 17
VisualStudioVersion = 17.6.33723.286
MinimumVisualStudioVersion = 10.0.40219.1
Project("{FAE04EC0-301F-11D3-BF4B-00C04F79EFBC}") = "Bragi", "Bragi.csproj", "{33759A25-0370-464F-9481-333D6FB07B05}"
EndProject
Global
	GlobalSection(SolutionConfigurationPlatforms) = preSolution
		Debug|Any CPU = Debug|Any CPU
		Release|Any CPU = Release|Any CPU
	EndGlobalSection
	GlobalSection(ProjectConfigurationPlatforms) = postSolution
		{33759A25-0370-464F-9481-333D6FB07B05}.Debug|Any CPU.ActiveCfg = Debug|Any CPU
		{33759A25-0370-464F-9481-333D6FB07B05}.Debug|Any CPU.Build.0 = Debug|Any CPU
		{33759A25-0370-464F-9481-333D6FB07B05}.Release|Any CPU.ActiveCfg = Release|Any CPU
		{33759A25-0370-464F-9481-333D6FB07B05}.Release|Any CPU.Build.0 = Release|Any CPU
	EndGlobalSection
	GlobalSection(SolutionProperties) = preSolution
		HideSolutionNode = FALSE
	EndGlobalSection
	GlobalSection(ExtensibilityGlobals) = postSolution
		SolutionGuid = {CD779722-8C3C-42DC-9C2F-40D07894C66D}
	EndGlobalSection
EndGlobal
